
Microsoft Visual Studio Solution File, Format Version 12.00
# Visual Studio Version 16
VisualStudioVersion = 16.0.31729.503
MinimumVisualStudioVersion = 10.0.40219.1
Project("{FAE04EC0-301F-11D3-BF4B-00C04F79EFBC}") = "TestTask_versta24", "TestTask_versta24.csproj", "{5CB1FE84-2148-4CA2-B464-31D6047B2B36}"
EndProject
Global
	GlobalSection(SolutionConfigurationPlatforms) = preSolution
		Debug|Any CPU = Debug|Any CPU
		Release|Any CPU = Release|Any CPU
	EndGlobalSection
	GlobalSection(ProjectConfigurationPlatforms) = postSolution
		{5CB1FE84-2148-4CA2-B464-31D6047B2B36}.Debug|Any CPU.ActiveCfg = Debug|Any CPU
		{5CB1FE84-2148-4CA2-B464-31D6047B2B36}.Debug|Any CPU.Build.0 = Debug|Any CPU
		{5CB1FE84-2148-4CA2-B464-31D6047B2B36}.Release|Any CPU.ActiveCfg = Release|Any CPU
		{5CB1FE84-2148-4CA2-B464-31D6047B2B36}.Release|Any CPU.Build.0 = Release|Any CPU
	EndGlobalSection
	GlobalSection(SolutionProperties) = preSolution
		HideSolutionNode = FALSE
	EndGlobalSection
	GlobalSection(ExtensibilityGlobals) = postSolution
		SolutionGuid = {47ED9648-D9AF-4B30-BE07-DEC67060285E}
	EndGlobalSection
EndGlobal
